// !$*UTF8*$!
{
	archiveVersion = 1;
	classes = {
	};
	objectVersion = 56;
	objects = {

/* Begin PBXBuildFile section */
		B83766EA2AD9AC2500DB5329 /* ArrayAndDictionaryCollection.swift in Sources */ = {isa = PBXBuildFile; fileRef = B83766E92AD9AC2500DB5329 /* ArrayAndDictionaryCollection.swift */; };
		B866EAC42AD6C69C00DD3426 /* PropertyWrapper.swift in Sources */ = {isa = PBXBuildFile; fileRef = B866EAC32AD6C69C00DD3426 /* PropertyWrapper.swift */; };
		B87B0BC02AD66EA700DF2CC2 /* main.swift in Sources */ = {isa = PBXBuildFile; fileRef = B87B0BBF2AD66EA700DF2CC2 /* main.swift */; };
		B89C96FE2ADA6B1A003719CC /* ErrorHandling.swift in Sources */ = {isa = PBXBuildFile; fileRef = B89C96FD2ADA6B1A003719CC /* ErrorHandling.swift */; };
		B8B9CF3F2AE03070000A93B8 /* GeneratingCustomView.swift in Sources */ = {isa = PBXBuildFile; fileRef = B8B9CF3E2AE03070000A93B8 /* GeneratingCustomView.swift */; };
/* End PBXBuildFile section */

/* Begin PBXCopyFilesBuildPhase section */
		B87B0BBA2AD66EA700DF2CC2 /* CopyFiles */ = {
			isa = PBXCopyFilesBuildPhase;
			buildActionMask = 2147483647;
			dstPath = /usr/share/man/man1/;
			dstSubfolderSpec = 0;
			files = (
			);
			runOnlyForDeploymentPostprocessing = 1;
		};
/* End PBXCopyFilesBuildPhase section */

/* Begin PBXFileReference section */
		B83766E92AD9AC2500DB5329 /* ArrayAndDictionaryCollection.swift */ = {isa = PBXFileReference; lastKnownFileType = sourcecode.swift; path = ArrayAndDictionaryCollection.swift; sourceTree = "<group>"; };
		B866EAC32AD6C69C00DD3426 /* PropertyWrapper.swift */ = {isa = PBXFileReference; lastKnownFileType = sourcecode.swift; path = PropertyWrapper.swift; sourceTree = "<group>"; };
		B87B0BBC2AD66EA700DF2CC2 /* LearningSwift */ = {isa = PBXFileReference; explicitFileType = "compiled.mach-o.executable"; includeInIndex = 0; path = LearningSwift; sourceTree = BUILT_PRODUCTS_DIR; };
		B87B0BBF2AD66EA700DF2CC2 /* main.swift */ = {isa = PBXFileReference; lastKnownFileType = sourcecode.swift; path = main.swift; sourceTree = "<group>"; };
		B87B0BC62AD67B7800DF2CC2 /* Subclassing.swift */ = {isa = PBXFileReference; lastKnownFileType = sourcecode.swift; path = Subclassing.swift; sourceTree = "<group>"; };
		B87B0BC82AD67B8400DF2CC2 /* Extension.swift */ = {isa = PBXFileReference; lastKnownFileType = sourcecode.swift; path = Extension.swift; sourceTree = "<group>"; };
		B89C96FD2ADA6B1A003719CC /* ErrorHandling.swift */ = {isa = PBXFileReference; lastKnownFileType = sourcecode.swift; path = ErrorHandling.swift; sourceTree = "<group>"; };
		B8B9CF3E2AE03070000A93B8 /* GeneratingCustomView.swift */ = {isa = PBXFileReference; lastKnownFileType = sourcecode.swift; path = GeneratingCustomView.swift; sourceTree = "<group>"; };
/* End PBXFileReference section */

/* Begin PBXFrameworksBuildPhase section */
		B87B0BB92AD66EA700DF2CC2 /* Frameworks */ = {
			isa = PBXFrameworksBuildPhase;
			buildActionMask = 2147483647;
			files = (
			);
			runOnlyForDeploymentPostprocessing = 0;
		};
/* End PBXFrameworksBuildPhase section */

/* Begin PBXGroup section */
		B87B0BB32AD66EA600DF2CC2 = {
			isa = PBXGroup;
			children = (
				B87B0BBE2AD66EA700DF2CC2 /* LearningSwift */,
				B87B0BBD2AD66EA700DF2CC2 /* Products */,
			);
			sourceTree = "<group>";
		};
		B87B0BBD2AD66EA700DF2CC2 /* Products */ = {
			isa = PBXGroup;
			children = (
				B87B0BBC2AD66EA700DF2CC2 /* LearningSwift */,
			);
			name = Products;
			sourceTree = "<group>";
		};
		B87B0BBE2AD66EA700DF2CC2 /* LearningSwift */ = {
			isa = PBXGroup;
			children = (
				B89C96FD2ADA6B1A003719CC /* ErrorHandling.swift */,
				B8B9CF3E2AE03070000A93B8 /* GeneratingCustomView.swift */,
				B83766E92AD9AC2500DB5329 /* ArrayAndDictionaryCollection.swift */,
				B87B0BBF2AD66EA700DF2CC2 /* main.swift */,
				B87B0BC62AD67B7800DF2CC2 /* Subclassing.swift */,
				B87B0BC82AD67B8400DF2CC2 /* Extension.swift */,
				B866EAC32AD6C69C00DD3426 /* PropertyWrapper.swift */,
			);
			path = LearningSwift;
			sourceTree = "<group>";
		};
/* End PBXGroup section */

/* Begin PBXNativeTarget section */
		B87B0BBB2AD66EA700DF2CC2 /* LearningSwift */ = {
			isa = PBXNativeTarget;
			buildConfigurationList = B87B0BC32AD66EA700DF2CC2 /* Build configuration list for PBXNativeTarget "LearningSwift" */;
			buildPhases = (
				B87B0BB82AD66EA700DF2CC2 /* Sources */,
				B87B0BB92AD66EA700DF2CC2 /* Frameworks */,
				B87B0BBA2AD66EA700DF2CC2 /* CopyFiles */,
			);
			buildRules = (
			);
			dependencies = (
			);
			name = LearningSwift;
			productName = LearningSwift;
			productReference = B87B0BBC2AD66EA700DF2CC2 /* LearningSwift */;
			productType = "com.apple.product-type.tool";
		};
/* End PBXNativeTarget section */

/* Begin PBXProject section */
		B87B0BB42AD66EA600DF2CC2 /* Project object */ = {
			isa = PBXProject;
			attributes = {
				BuildIndependentTargetsInParallel = 1;
				LastSwiftUpdateCheck = 1430;
				LastUpgradeCheck = 1430;
				TargetAttributes = {
					B87B0BBB2AD66EA700DF2CC2 = {
						CreatedOnToolsVersion = 14.3.1;
					};
				};
			};
			buildConfigurationList = B87B0BB72AD66EA600DF2CC2 /* Build configuration list for PBXProject "LearningSwift" */;
			compatibilityVersion = "Xcode 14.0";
			developmentRegion = en;
			hasScannedForEncodings = 0;
			knownRegions = (
				en,
				Base,
			);
			mainGroup = B87B0BB32AD66EA600DF2CC2;
			productRefGroup = B87B0BBD2AD66EA700DF2CC2 /* Products */;
			projectDirPath = "";
			projectRoot = "";
			targets = (
				B87B0BBB2AD66EA700DF2CC2 /* LearningSwift */,
			);
		};
/* End PBXProject section */

/* Begin PBXSourcesBuildPhase section */
		B87B0BB82AD66EA700DF2CC2 /* Sources */ = {
			isa = PBXSourcesBuildPhase;
			buildActionMask = 2147483647;
			files = (
				B866EAC42AD6C69C00DD3426 /* PropertyWrapper.swift in Sources */,
				B89C96FE2ADA6B1A003719CC /* ErrorHandling.swift in Sources */,
				B8B9CF3F2AE03070000A93B8 /* GeneratingCustomView.swift in Sources */,
				B83766EA2AD9AC2500DB5329 /* ArrayAndDictionaryCollection.swift in Sources */,
				B87B0BC02AD66EA700DF2CC2 /* main.swift in Sources */,
			);
			runOnlyForDeploymentPostprocessing = 0;
		};
/* End PBXSourcesBuildPhase section */

/* Begin XCBuildConfiguration section */
		B87B0BC12AD66EA700DF2CC2 /* Debug */ = {
			isa = XCBuildConfiguration;
			buildSettings = {
				ALWAYS_SEARCH_USER_PATHS = NO;
				CLANG_ANALYZER_NONNULL = YES;
				CLANG_ANALYZER_NUMBER_OBJECT_CONVERSION = YES_AGGRESSIVE;
				CLANG_CXX_LANGUAGE_STANDARD = "gnu++20";
				CLANG_ENABLE_MODULES = YES;
				CLANG_ENABLE_OBJC_ARC = YES;
				CLANG_ENABLE_OBJC_WEAK = YES;
				CLANG_WARN_BLOCK_CAPTURE_AUTORELEASING = YES;
				CLANG_WARN_BOOL_CONVERSION = YES;
				CLANG_WARN_COMMA = YES;
				CLANG_WARN_CONSTANT_CONVERSION = YES;
				CLANG_WARN_DEPRECATED_OBJC_IMPLEMENTATIONS = YES;
				CLANG_WARN_DIRECT_OBJC_ISA_USAGE = YES_ERROR;
				CLANG_WARN_DOCUMENTATION_COMMENTS = YES;
				CLANG_WARN_EMPTY_BODY = YES;
				CLANG_WARN_ENUM_CONVERSION = YES;
				CLANG_WARN_INFINITE_RECURSION = YES;
				CLANG_WARN_INT_CONVERSION = YES;
				CLANG_WARN_NON_LITERAL_NULL_CONVERSION = YES;
				CLANG_WARN_OBJC_IMPLICIT_RETAIN_SELF = YES;
				CLANG_WARN_OBJC_LITERAL_CONVERSION = YES;
				CLANG_WARN_OBJC_ROOT_CLASS = YES_ERROR;
				CLANG_WARN_QUOTED_INCLUDE_IN_FRAMEWORK_HEADER = YES;
				CLANG_WARN_RANGE_LOOP_ANALYSIS = YES;
				CLANG_WARN_STRICT_PROTOTYPES = YES;
				CLANG_WARN_SUSPICIOUS_MOVE = YES;
				CLANG_WARN_UNGUARDED_AVAILABILITY = YES_AGGRESSIVE;
				CLANG_WARN_UNREACHABLE_CODE = YES;
				CLANG_WARN__DUPLICATE_METHOD_MATCH = YES;
				COPY_PHASE_STRIP = NO;
				DEBUG_INFORMATION_FORMAT = dwarf;
				ENABLE_STRICT_OBJC_MSGSEND = YES;
				ENABLE_TESTABILITY = YES;
				GCC_C_LANGUAGE_STANDARD = gnu11;
				GCC_DYNAMIC_NO_PIC = NO;
				GCC_NO_COMMON_BLOCKS = YES;
				GCC_OPTIMIZATION_LEVEL = 0;
				GCC_PREPROCESSOR_DEFINITIONS = (
					"DEBUG=1",
					"$(inherited)",
				);
				GCC_WARN_64_TO_32_BIT_CONVERSION = YES;
				GCC_WARN_ABOUT_RETURN_TYPE = YES_ERROR;
				GCC_WARN_UNDECLARED_SELECTOR = YES;
				GCC_WARN_UNINITIALIZED_AUTOS = YES_AGGRESSIVE;
				GCC_WARN_UNUSED_FUNCTION = YES;
				GCC_WARN_UNUSED_VARIABLE = YES;
				MACOSX_DEPLOYMENT_TARGET = 13.2;
				MTL_ENABLE_DEBUG_INFO = INCLUDE_SOURCE;
				MTL_FAST_MATH = YES;
				ONLY_ACTIVE_ARCH = YES;
				SDKROOT = macosx;
				SWIFT_ACTIVE_COMPILATION_CONDITIONS = DEBUG;
				SWIFT_OPTIMIZATION_LEVEL = "-Onone";
			};
			name = Debug;
		};
		B87B0BC22AD66EA700DF2CC2 /* Release */ = {
			isa = XCBuildConfiguration;
			buildSettings = {
				ALWAYS_SEARCH_USER_PATHS = NO;
				CLANG_ANALYZER_NONNULL = YES;
				CLANG_ANALYZER_NUMBER_OBJECT_CONVERSION = YES_AGGRESSIVE;
				CLANG_CXX_LANGUAGE_STANDARD = "gnu++20";
				CLANG_ENABLE_MODULES = YES;
				CLANG_ENABLE_OBJC_ARC = YES;
				CLANG_ENABLE_OBJC_WEAK = YES;
				CLANG_WARN_BLOCK_CAPTURE_AUTORELEASING = YES;
				CLANG_WARN_BOOL_CONVERSION = YES;
				CLANG_WARN_COMMA = YES;
				CLANG_WARN_CONSTANT_CONVERSION = YES;
				CLANG_WARN_DEPRECATED_OBJC_IMPLEMENTATIONS = YES;
				CLANG_WARN_DIRECT_OBJC_ISA_USAGE = YES_ERROR;
				CLANG_WARN_DOCUMENTATION_COMMENTS = YES;
				CLANG_WARN_EMPTY_BODY = YES;
				CLANG_WARN_ENUM_CONVERSION = YES;
				CLANG_WARN_INFINITE_RECURSION = YES;
				CLANG_WARN_INT_CONVERSION = YES;
				CLANG_WARN_NON_LITERAL_NULL_CONVERSION = YES;
				CLANG_WARN_OBJC_IMPLICIT_RETAIN_SELF = YES;
				CLANG_WARN_OBJC_LITERAL_CONVERSION = YES;
				CLANG_WARN_OBJC_ROOT_CLASS = YES_ERROR;
				CLANG_WARN_QUOTED_INCLUDE_IN_FRAMEWORK_HEADER = YES;
				CLANG_WARN_RANGE_LOOP_ANALYSIS = YES;
				CLANG_WARN_STRICT_PROTOTYPES = YES;
				CLANG_WARN_SUSPICIOUS_MOVE = YES;
				CLANG_WARN_UNGUARDED_AVAILABILITY = YES_AGGRESSIVE;
				CLANG_WARN_UNREACHABLE_CODE = YES;
				CLANG_WARN__DUPLICATE_METHOD_MATCH = YES;
				COPY_PHASE_STRIP = NO;
				DEBUG_INFORMATION_FORMAT = "dwarf-with-dsym";
				ENABLE_NS_ASSERTIONS = NO;
				ENABLE_STRICT_OBJC_MSGSEND = YES;
				GCC_C_LANGUAGE_STANDARD = gnu11;
				GCC_NO_COMMON_BLOCKS = YES;
				GCC_WARN_64_TO_32_BIT_CONVERSION = YES;
				GCC_WARN_ABOUT_RETURN_TYPE = YES_ERROR;
				GCC_WARN_UNDECLARED_SELECTOR = YES;
				GCC_WARN_UNINITIALIZED_AUTOS = YES_AGGRESSIVE;
				GCC_WARN_UNUSED_FUNCTION = YES;
				GCC_WARN_UNUSED_VARIABLE = YES;
				MACOSX_DEPLOYMENT_TARGET = 13.2;
				MTL_ENABLE_DEBUG_INFO = NO;
				MTL_FAST_MATH = YES;
				SDKROOT = macosx;
				SWIFT_COMPILATION_MODE = wholemodule;
				SWIFT_OPTIMIZATION_LEVEL = "-O";
			};
			name = Release;
		};
		B87B0BC42AD66EA700DF2CC2 /* Debug */ = {
			isa = XCBuildConfiguration;
			buildSettings = {
				CODE_SIGN_STYLE = Automatic;
				DEVELOPMENT_TEAM = 67GPPL4GT7;
				ENABLE_HARDENED_RUNTIME = YES;
				PRODUCT_NAME = "$(TARGET_NAME)";
				SWIFT_VERSION = 5.0;
			};
			name = Debug;
		};
		B87B0BC52AD66EA700DF2CC2 /* Release */ = {
			isa = XCBuildConfiguration;
			buildSettings = {
				CODE_SIGN_STYLE = Automatic;
				DEVELOPMENT_TEAM = 67GPPL4GT7;
				ENABLE_HARDENED_RUNTIME = YES;
				PRODUCT_NAME = "$(TARGET_NAME)";
				SWIFT_VERSION = 5.0;
			};
			name = Release;
		};
/* End XCBuildConfiguration section */

/* Begin XCConfigurationList section */
		B87B0BB72AD66EA600DF2CC2 /* Build configuration list for PBXProject "LearningSwift" */ = {
			isa = XCConfigurationList;
			buildConfigurations = (
				B87B0BC12AD66EA700DF2CC2 /* Debug */,
				B87B0BC22AD66EA700DF2CC2 /* Release */,
			);
			defaultConfigurationIsVisible = 0;
			defaultConfigurationName = Release;
		};
		B87B0BC32AD66EA700DF2CC2 /* Build configuration list for PBXNativeTarget "LearningSwift" */ = {
			isa = XCConfigurationList;
			buildConfigurations = (
				B87B0BC42AD66EA700DF2CC2 /* Debug */,
				B87B0BC52AD66EA700DF2CC2 /* Release */,
			);
			defaultConfigurationIsVisible = 0;
			defaultConfigurationName = Release;
		};
/* End XCConfigurationList section */
	};
	rootObject = B87B0BB42AD66EA600DF2CC2 /* Project object */;
}
